// !$*UTF8*$!
{
	archiveVersion = 1;
	classes = {
	};
	objectVersion = 50;
	objects = {

/* Begin PBXBuildFile section */
		C8161A3F2104D13B00DF935E /* TaskUtility.swift in Sources */ = {isa = PBXBuildFile; fileRef = C8161A3E2104D13B00DF935E /* TaskUtility.swift */; };
		C81B790E21025D2600490975 /* AppDelegate.swift in Sources */ = {isa = PBXBuildFile; fileRef = C81B790D21025D2600490975 /* AppDelegate.swift */; };
		C81B791321025D2600490975 /* Main.storyboard in Resources */ = {isa = PBXBuildFile; fileRef = C81B791121025D2600490975 /* Main.storyboard */; };
		C81B791521025D2700490975 /* Assets.xcassets in Resources */ = {isa = PBXBuildFile; fileRef = C81B791421025D2700490975 /* Assets.xcassets */; };
		C81B791821025D2700490975 /* LaunchScreen.storyboard in Resources */ = {isa = PBXBuildFile; fileRef = C81B791621025D2700490975 /* LaunchScreen.storyboard */; };
		C81B792021025DC300490975 /* TasksController.swift in Sources */ = {isa = PBXBuildFile; fileRef = C81B791F21025DC300490975 /* TasksController.swift */; };
		C81B7922210270F000490975 /* Task.swift in Sources */ = {isa = PBXBuildFile; fileRef = C81B7921210270F000490975 /* Task.swift */; };
		C81B79242102717600490975 /* TaskStore.swift in Sources */ = {isa = PBXBuildFile; fileRef = C81B79232102717600490975 /* TaskStore.swift */; };
/* End PBXBuildFile section */

/* Begin PBXFileReference section */
		C8161A3E2104D13B00DF935E /* TaskUtility.swift */ = {isa = PBXFileReference; lastKnownFileType = sourcecode.swift; path = TaskUtility.swift; sourceTree = "<group>"; };
		C81B790A21025D2600490975 /* taskly.app */ = {isa = PBXFileReference; explicitFileType = wrapper.application; includeInIndex = 0; path = taskly.app; sourceTree = BUILT_PRODUCTS_DIR; };
		C81B790D21025D2600490975 /* AppDelegate.swift */ = {isa = PBXFileReference; lastKnownFileType = sourcecode.swift; path = AppDelegate.swift; sourceTree = "<group>"; };
		C81B791221025D2600490975 /* Base */ = {isa = PBXFileReference; lastKnownFileType = file.storyboard; name = Base; path = Base.lproj/Main.storyboard; sourceTree = "<group>"; };
		C81B791421025D2700490975 /* Assets.xcassets */ = {isa = PBXFileReference; lastKnownFileType = folder.assetcatalog; path = Assets.xcassets; sourceTree = "<group>"; };
		C81B791721025D2700490975 /* Base */ = {isa = PBXFileReference; lastKnownFileType = file.storyboard; name = Base; path = Base.lproj/LaunchScreen.storyboard; sourceTree = "<group>"; };
		C81B791921025D2700490975 /* Info.plist */ = {isa = PBXFileReference; lastKnownFileType = text.plist.xml; path = Info.plist; sourceTree = "<group>"; };
		C81B791F21025DC300490975 /* TasksController.swift */ = {isa = PBXFileReference; lastKnownFileType = sourcecode.swift; path = TasksController.swift; sourceTree = "<group>"; };
		C81B7921210270F000490975 /* Task.swift */ = {isa = PBXFileReference; lastKnownFileType = sourcecode.swift; path = Task.swift; sourceTree = "<group>"; };
		C81B79232102717600490975 /* TaskStore.swift */ = {isa = PBXFileReference; lastKnownFileType = sourcecode.swift; path = TaskStore.swift; sourceTree = "<group>"; };
/* End PBXFileReference section */

/* Begin PBXFrameworksBuildPhase section */
		C81B790721025D2600490975 /* Frameworks */ = {
			isa = PBXFrameworksBuildPhase;
			buildActionMask = 2147483647;
			files = (
			);
			runOnlyForDeploymentPostprocessing = 0;
		};
/* End PBXFrameworksBuildPhase section */

/* Begin PBXGroup section */
		C8161A3A2104CC6100DF935E /* Models */ = {
			isa = PBXGroup;
			children = (
				C81B7921210270F000490975 /* Task.swift */,
			);
			path = Models;
			sourceTree = "<group>";
		};
		C8161A3B2104CC6B00DF935E /* Controllers */ = {
			isa = PBXGroup;
			children = (
				C81B791F21025DC300490975 /* TasksController.swift */,
			);
			path = Controllers;
			sourceTree = "<group>";
		};
		C8161A3C2104CC7100DF935E /* System */ = {
			isa = PBXGroup;
			children = (
				C81B790D21025D2600490975 /* AppDelegate.swift */,
				C81B791421025D2700490975 /* Assets.xcassets */,
				C81B791621025D2700490975 /* LaunchScreen.storyboard */,
				C81B791921025D2700490975 /* Info.plist */,
			);
			path = System;
			sourceTree = "<group>";
		};
		C8161A3D2104CC7A00DF935E /* Helpers */ = {
			isa = PBXGroup;
			children = (
				C81B79232102717600490975 /* TaskStore.swift */,
				C8161A3E2104D13B00DF935E /* TaskUtility.swift */,
			);
			path = Helpers;
			sourceTree = "<group>";
		};
		C81B790121025D2600490975 = {
			isa = PBXGroup;
			children = (
				C81B790C21025D2600490975 /* taskly */,
				C81B790B21025D2600490975 /* Products */,
			);
			sourceTree = "<group>";
		};
		C81B790B21025D2600490975 /* Products */ = {
			isa = PBXGroup;
			children = (
				C81B790A21025D2600490975 /* taskly.app */,
			);
			name = Products;
			sourceTree = "<group>";
		};
		C81B790C21025D2600490975 /* taskly */ = {
			isa = PBXGroup;
			children = (
				C81B791121025D2600490975 /* Main.storyboard */,
				C8161A3D2104CC7A00DF935E /* Helpers */,
				C8161A3C2104CC7100DF935E /* System */,
				C8161A3B2104CC6B00DF935E /* Controllers */,
				C8161A3A2104CC6100DF935E /* Models */,
			);
			path = taskly;
			sourceTree = "<group>";
		};
/* End PBXGroup section */

/* Begin PBXNativeTarget section */
		C81B790921025D2600490975 /* taskly */ = {
			isa = PBXNativeTarget;
			buildConfigurationList = C81B791C21025D2700490975 /* Build configuration list for PBXNativeTarget "taskly" */;
			buildPhases = (
				C81B790621025D2600490975 /* Sources */,
				C81B790721025D2600490975 /* Frameworks */,
				C81B790821025D2600490975 /* Resources */,
			);
			buildRules = (
			);
			dependencies = (
			);
			name = taskly;
			productName = taskly;
			productReference = C81B790A21025D2600490975 /* taskly.app */;
			productType = "com.apple.product-type.application";
		};
/* End PBXNativeTarget section */

/* Begin PBXProject section */
		C81B790221025D2600490975 /* Project object */ = {
			isa = PBXProject;
			attributes = {
				LastSwiftUpdateCheck = 0940;
				LastUpgradeCheck = 0940;
				ORGANIZATIONNAME = "Joseph Sungpil Choi";
				TargetAttributes = {
					C81B790921025D2600490975 = {
						CreatedOnToolsVersion = 9.4.1;
					};
				};
			};
			buildConfigurationList = C81B790521025D2600490975 /* Build configuration list for PBXProject "taskly" */;
			compatibilityVersion = "Xcode 9.3";
			developmentRegion = en;
			hasScannedForEncodings = 0;
			knownRegions = (
				en,
				Base,
			);
			mainGroup = C81B790121025D2600490975;
			productRefGroup = C81B790B21025D2600490975 /* Products */;
			projectDirPath = "";
			projectRoot = "";
			targets = (
				C81B790921025D2600490975 /* taskly */,
			);
		};
/* End PBXProject section */

/* Begin PBXResourcesBuildPhase section */
		C81B790821025D2600490975 /* Resources */ = {
			isa = PBXResourcesBuildPhase;
			buildActionMask = 2147483647;
			files = (
				C81B791821025D2700490975 /* LaunchScreen.storyboard in Resources */,
				C81B791521025D2700490975 /* Assets.xcassets in Resources */,
				C81B791321025D2600490975 /* Main.storyboard in Resources */,
			);
			runOnlyForDeploymentPostprocessing = 0;
		};
/* End PBXResourcesBuildPhase section */

/* Begin PBXSourcesBuildPhase section */
		C81B790621025D2600490975 /* Sources */ = {
			isa = PBXSourcesBuildPhase;
			buildActionMask = 2147483647;
			files = (
				C81B792021025DC300490975 /* TasksController.swift in Sources */,
				C8161A3F2104D13B00DF935E /* TaskUtility.swift in Sources */,
				C81B7922210270F000490975 /* Task.swift in Sources */,
				C81B79242102717600490975 /* TaskStore.swift in Sources */,
				C81B790E21025D2600490975 /* AppDelegate.swift in Sources */,
			);
			runOnlyForDeploymentPostprocessing = 0;
		};
/* End PBXSourcesBuildPhase section */

/* Begin PBXVariantGroup section */
		C81B791121025D2600490975 /* Main.storyboard */ = {
			isa = PBXVariantGroup;
			children = (
				C81B791221025D2600490975 /* Base */,
			);
			name = Main.storyboard;
			sourceTree = "<group>";
		};
		C81B791621025D2700490975 /* LaunchScreen.storyboard */ = {
			isa = PBXVariantGroup;
			children = (
				C81B791721025D2700490975 /* Base */,
			);
			name = LaunchScreen.storyboard;
			sourceTree = "<group>";
		};
/* End PBXVariantGroup section */

/* Begin XCBuildConfiguration section */
		C81B791A21025D2700490975 /* Debug */ = {
			isa = XCBuildConfiguration;
			buildSettings = {
				ALWAYS_SEARCH_USER_PATHS = NO;
				CLANG_ANALYZER_NONNULL = YES;
				CLANG_ANALYZER_NUMBER_OBJECT_CONVERSION = YES_AGGRESSIVE;
				CLANG_CXX_LANGUAGE_STANDARD = "gnu++14";
				CLANG_CXX_LIBRARY = "libc++";
				CLANG_ENABLE_MODULES = YES;
				CLANG_ENABLE_OBJC_ARC = YES;
				CLANG_ENABLE_OBJC_WEAK = YES;
				CLANG_WARN_BLOCK_CAPTURE_AUTORELEASING = YES;
				CLANG_WARN_BOOL_CONVERSION = YES;
				CLANG_WARN_COMMA = YES;
				CLANG_WARN_CONSTANT_CONVERSION = YES;
				CLANG_WARN_DEPRECATED_OBJC_IMPLEMENTATIONS = YES;
				CLANG_WARN_DIRECT_OBJC_ISA_USAGE = YES_ERROR;
				CLANG_WARN_DOCUMENTATION_COMMENTS = YES;
				CLANG_WARN_EMPTY_BODY = YES;
				CLANG_WARN_ENUM_CONVERSION = YES;
				CLANG_WARN_INFINITE_RECURSION = YES;
				CLANG_WARN_INT_CONVERSION = YES;
				CLANG_WARN_NON_LITERAL_NULL_CONVERSION = YES;
				CLANG_WARN_OBJC_IMPLICIT_RETAIN_SELF = YES;
				CLANG_WARN_OBJC_LITERAL_CONVERSION = YES;
				CLANG_WARN_OBJC_ROOT_CLASS = YES_ERROR;
				CLANG_WARN_RANGE_LOOP_ANALYSIS = YES;
				CLANG_WARN_STRICT_PROTOTYPES = YES;
				CLANG_WARN_SUSPICIOUS_MOVE = YES;
				CLANG_WARN_UNGUARDED_AVAILABILITY = YES_AGGRESSIVE;
				CLANG_WARN_UNREACHABLE_CODE = YES;
				CLANG_WARN__DUPLICATE_METHOD_MATCH = YES;
				CODE_SIGN_IDENTITY = "iPhone Developer";
				COPY_PHASE_STRIP = NO;
				DEBUG_INFORMATION_FORMAT = dwarf;
				ENABLE_STRICT_OBJC_MSGSEND = YES;
				ENABLE_TESTABILITY = YES;
				GCC_C_LANGUAGE_STANDARD = gnu11;
				GCC_DYNAMIC_NO_PIC = NO;
				GCC_NO_COMMON_BLOCKS = YES;
				GCC_OPTIMIZATION_LEVEL = 0;
				GCC_PREPROCESSOR_DEFINITIONS = (
					"DEBUG=1",
					"$(inherited)",
				);
				GCC_WARN_64_TO_32_BIT_CONVERSION = YES;
				GCC_WARN_ABOUT_RETURN_TYPE = YES_ERROR;
				GCC_WARN_UNDECLARED_SELECTOR = YES;
				GCC_WARN_UNINITIALIZED_AUTOS = YES_AGGRESSIVE;
				GCC_WARN_UNUSED_FUNCTION = YES;
				GCC_WARN_UNUSED_VARIABLE = YES;
				IPHONEOS_DEPLOYMENT_TARGET = 11.4;
				MTL_ENABLE_DEBUG_INFO = YES;
				ONLY_ACTIVE_ARCH = YES;
				SDKROOT = iphoneos;
				SWIFT_ACTIVE_COMPILATION_CONDITIONS = DEBUG;
				SWIFT_OPTIMIZATION_LEVEL = "-Onone";
			};
			name = Debug;
		};
		C81B791B21025D2700490975 /* Release */ = {
			isa = XCBuildConfiguration;
			buildSettings = {
				ALWAYS_SEARCH_USER_PATHS = NO;
				CLANG_ANALYZER_NONNULL = YES;
				CLANG_ANALYZER_NUMBER_OBJECT_CONVERSION = YES_AGGRESSIVE;
				CLANG_CXX_LANGUAGE_STANDARD = "gnu++14";
				CLANG_CXX_LIBRARY = "libc++";
				CLANG_ENABLE_MODULES = YES;
				CLANG_ENABLE_OBJC_ARC = YES;
				CLANG_ENABLE_OBJC_WEAK = YES;
				CLANG_WARN_BLOCK_CAPTURE_AUTORELEASING = YES;
				CLANG_WARN_BOOL_CONVERSION = YES;
				CLANG_WARN_COMMA = YES;
				CLANG_WARN_CONSTANT_CONVERSION = YES;
				CLANG_WARN_DEPRECATED_OBJC_IMPLEMENTATIONS = YES;
				CLANG_WARN_DIRECT_OBJC_ISA_USAGE = YES_ERROR;
				CLANG_WARN_DOCUMENTATION_COMMENTS = YES;
				CLANG_WARN_EMPTY_BODY = YES;
				CLANG_WARN_ENUM_CONVERSION = YES;
				CLANG_WARN_INFINITE_RECURSION = YES;
				CLANG_WARN_INT_CONVERSION = YES;
				CLANG_WARN_NON_LITERAL_NULL_CONVERSION = YES;
				CLANG_WARN_OBJC_IMPLICIT_RETAIN_SELF = YES;
				CLANG_WARN_OBJC_LITERAL_CONVERSION = YES;
				CLANG_WARN_OBJC_ROOT_CLASS = YES_ERROR;
				CLANG_WARN_RANGE_LOOP_ANALYSIS = YES;
				CLANG_WARN_STRICT_PROTOTYPES = YES;
				CLANG_WARN_SUSPICIOUS_MOVE = YES;
				CLANG_WARN_UNGUARDED_AVAILABILITY = YES_AGGRESSIVE;
				CLANG_WARN_UNREACHABLE_CODE = YES;
				CLANG_WARN__DUPLICATE_METHOD_MATCH = YES;
				CODE_SIGN_IDENTITY = "iPhone Developer";
				COPY_PHASE_STRIP = NO;
				DEBUG_INFORMATION_FORMAT = "dwarf-with-dsym";
				ENABLE_NS_ASSERTIONS = NO;
				ENABLE_STRICT_OBJC_MSGSEND = YES;
				GCC_C_LANGUAGE_STANDARD = gnu11;
				GCC_NO_COMMON_BLOCKS = YES;
				GCC_WARN_64_TO_32_BIT_CONVERSION = YES;
				GCC_WARN_ABOUT_RETURN_TYPE = YES_ERROR;
				GCC_WARN_UNDECLARED_SELECTOR = YES;
				GCC_WARN_UNINITIALIZED_AUTOS = YES_AGGRESSIVE;
				GCC_WARN_UNUSED_FUNCTION = YES;
				GCC_WARN_UNUSED_VARIABLE = YES;
				IPHONEOS_DEPLOYMENT_TARGET = 11.4;
				MTL_ENABLE_DEBUG_INFO = NO;
				SDKROOT = iphoneos;
				SWIFT_COMPILATION_MODE = wholemodule;
				SWIFT_OPTIMIZATION_LEVEL = "-O";
				VALIDATE_PRODUCT = YES;
			};
			name = Release;
		};
		C81B791D21025D2700490975 /* Debug */ = {
			isa = XCBuildConfiguration;
			buildSettings = {
				ASSETCATALOG_COMPILER_APPICON_NAME = AppIcon;
				CODE_SIGN_STYLE = Automatic;
				DEVELOPMENT_TEAM = 732CHTQLH9;
				INFOPLIST_FILE = "$(SRCROOT)/taskly/System/Info.plist";
				LD_RUNPATH_SEARCH_PATHS = (
					"$(inherited)",
					"@executable_path/Frameworks",
				);
				PRODUCT_BUNDLE_IDENTIFIER = com.jochoi.taskly;
				PRODUCT_NAME = "$(TARGET_NAME)";
				SWIFT_VERSION = 4.0;
				TARGETED_DEVICE_FAMILY = "1,2";
			};
			name = Debug;
		};
		C81B791E21025D2700490975 /* Release */ = {
			isa = XCBuildConfiguration;
			buildSettings = {
				ASSETCATALOG_COMPILER_APPICON_NAME = AppIcon;
				CODE_SIGN_STYLE = Automatic;
				DEVELOPMENT_TEAM = 732CHTQLH9;
				INFOPLIST_FILE = "$(SRCROOT)/taskly/System/Info.plist";
				LD_RUNPATH_SEARCH_PATHS = (
					"$(inherited)",
					"@executable_path/Frameworks",
				);
				PRODUCT_BUNDLE_IDENTIFIER = com.jochoi.taskly;
				PRODUCT_NAME = "$(TARGET_NAME)";
				SWIFT_VERSION = 4.0;
				TARGETED_DEVICE_FAMILY = "1,2";
			};
			name = Release;
		};
/* End XCBuildConfiguration section */

/* Begin XCConfigurationList section */
		C81B790521025D2600490975 /* Build configuration list for PBXProject "taskly" */ = {
			isa = XCConfigurationList;
			buildConfigurations = (
				C81B791A21025D2700490975 /* Debug */,
				C81B791B21025D2700490975 /* Release */,
			);
			defaultConfigurationIsVisible = 0;
			defaultConfigurationName = Release;
		};
		C81B791C21025D2700490975 /* Build configuration list for PBXNativeTarget "taskly" */ = {
			isa = XCConfigurationList;
			buildConfigurations = (
				C81B791D21025D2700490975 /* Debug */,
				C81B791E21025D2700490975 /* Release */,
			);
			defaultConfigurationIsVisible = 0;
			defaultConfigurationName = Release;
		};
/* End XCConfigurationList section */
	};
	rootObject = C81B790221025D2600490975 /* Project object */;
}
